
Microsoft Visual Studio Solution File, Format Version 12.00
# Visual Studio Version 17
VisualStudioVersion = 17.8.34330.188
MinimumVisualStudioVersion = 10.0.40219.1
Project("{FAE04EC0-301F-11D3-BF4B-00C04F79EFBC}") = "CoreAngular", "CoreAngular\CoreAngular.csproj", "{CA7FD2A5-9DE3-4473-919D-D25E8BF4A705}"
EndProject
Global
	GlobalSection(SolutionConfigurationPlatforms) = preSolution
		Debug|Any CPU = Debug|Any CPU
		Release|Any CPU = Release|Any CPU
	EndGlobalSection
	GlobalSection(ProjectConfigurationPlatforms) = postSolution
		{CA7FD2A5-9DE3-4473-919D-D25E8BF4A705}.Debug|Any CPU.ActiveCfg = Debug|Any CPU
		{CA7FD2A5-9DE3-4473-919D-D25E8BF4A705}.Debug|Any CPU.Build.0 = Debug|Any CPU
		{CA7FD2A5-9DE3-4473-919D-D25E8BF4A705}.Release|Any CPU.ActiveCfg = Release|Any CPU
		{CA7FD2A5-9DE3-4473-919D-D25E8BF4A705}.Release|Any CPU.Build.0 = Release|Any CPU
	EndGlobalSection
	GlobalSection(SolutionProperties) = preSolution
		HideSolutionNode = FALSE
	EndGlobalSection
	GlobalSection(ExtensibilityGlobals) = postSolution
		SolutionGuid = {DECF54BF-2624-4F54-B8BB-AC94FC632981}
	EndGlobalSection
EndGlobal
